
Microsoft Visual Studio Solution File, Format Version 12.00
# Visual Studio 2012
Project("{FAE04EC0-301F-11D3-BF4B-00C04F79EFBC}") = "SkyMovie", "SkyMovie\SkyMovie.csproj", "{0E258A04-5551-4DF1-B12B-99A622C4404E}"
EndProject
Global
	GlobalSection(SolutionConfigurationPlatforms) = preSolution
		Debug|Any CPU = Debug|Any CPU
		Release|Any CPU = Release|Any CPU
	EndGlobalSection
	GlobalSection(ProjectConfigurationPlatforms) = postSolution
		{0E258A04-5551-4DF1-B12B-99A622C4404E}.Debug|Any CPU.ActiveCfg = Debug|Any CPU
		{0E258A04-5551-4DF1-B12B-99A622C4404E}.Debug|Any CPU.Build.0 = Debug|Any CPU
		{0E258A04-5551-4DF1-B12B-99A622C4404E}.Release|Any CPU.ActiveCfg = Release|Any CPU
		{0E258A04-5551-4DF1-B12B-99A622C4404E}.Release|Any CPU.Build.0 = Release|Any CPU
	EndGlobalSection
	GlobalSection(SolutionProperties) = preSolution
		HideSolutionNode = FALSE
	EndGlobalSection
EndGlobal
